
Microsoft Visual Studio Solution File, Format Version 12.00
# Visual Studio Version 16
VisualStudioVersion = 16.0.31112.23
MinimumVisualStudioVersion = 10.0.40219.1
Project("{8BC9CEB8-8B4A-11D0-8D11-00A0C91BC942}") = "Adventure", "Adventure.vcxproj", "{BF39323E-8C31-4C3D-B92A-3EF79B8AB1ED}"
EndProject
Project("{2150E333-8FDC-42A3-9474-1A3956D46DE8}") = "Solution Items", "Solution Items", "{199AAC14-C1BD-4DB6-A4A1-A9E0989294FB}"
EndProject
Global
	GlobalSection(SolutionConfigurationPlatforms) = preSolution
		Debug|x64 = Debug|x64
		Debug|x86 = Debug|x86
		Release|x64 = Release|x64
		Release|x86 = Release|x86
	EndGlobalSection
	GlobalSection(ProjectConfigurationPlatforms) = postSolution
		{BF39323E-8C31-4C3D-B92A-3EF79B8AB1ED}.Debug|x64.ActiveCfg = Debug|x64
		{BF39323E-8C31-4C3D-B92A-3EF79B8AB1ED}.Debug|x64.Build.0 = Debug|x64
		{BF39323E-8C31-4C3D-B92A-3EF79B8AB1ED}.Debug|x86.ActiveCfg = Debug|Win32
		{BF39323E-8C31-4C3D-B92A-3EF79B8AB1ED}.Debug|x86.Build.0 = Debug|Win32
		{BF39323E-8C31-4C3D-B92A-3EF79B8AB1ED}.Release|x64.ActiveCfg = Release|x64
		{BF39323E-8C31-4C3D-B92A-3EF79B8AB1ED}.Release|x64.Build.0 = Release|x64
		{BF39323E-8C31-4C3D-B92A-3EF79B8AB1ED}.Release|x86.ActiveCfg = Release|Win32
		{BF39323E-8C31-4C3D-B92A-3EF79B8AB1ED}.Release|x86.Build.0 = Release|Win32
	EndGlobalSection
	GlobalSection(SolutionProperties) = preSolution
		HideSolutionNode = FALSE
	EndGlobalSection
	GlobalSection(ExtensibilityGlobals) = postSolution
		SolutionGuid = {338B6494-4DF0-460D-9454-65F7E6FFE426}
	EndGlobalSection
EndGlobal
